
Microsoft Visual Studio Solution File, Format Version 12.00
# Visual Studio Version 16
VisualStudioVersion = 16.0.31605.320
MinimumVisualStudioVersion = 10.0.40219.1
Project("{FAE04EC0-301F-11D3-BF4B-00C04F79EFBC}") = "Lab03_3", "Lab03_3.csproj", "{F5A79A28-514C-40E7-B410-3C51651C4EFF}"
EndProject
Global
	GlobalSection(SolutionConfigurationPlatforms) = preSolution
		Debug|Any CPU = Debug|Any CPU
		Release|Any CPU = Release|Any CPU
	EndGlobalSection
	GlobalSection(ProjectConfigurationPlatforms) = postSolution
		{F5A79A28-514C-40E7-B410-3C51651C4EFF}.Debug|Any CPU.ActiveCfg = Debug|Any CPU
		{F5A79A28-514C-40E7-B410-3C51651C4EFF}.Debug|Any CPU.Build.0 = Debug|Any CPU
		{F5A79A28-514C-40E7-B410-3C51651C4EFF}.Release|Any CPU.ActiveCfg = Release|Any CPU
		{F5A79A28-514C-40E7-B410-3C51651C4EFF}.Release|Any CPU.Build.0 = Release|Any CPU
	EndGlobalSection
	GlobalSection(SolutionProperties) = preSolution
		HideSolutionNode = FALSE
	EndGlobalSection
	GlobalSection(ExtensibilityGlobals) = postSolution
		SolutionGuid = {795962A3-6A66-4E55-A64C-EC121C510583}
	EndGlobalSection
EndGlobal
